
Microsoft Visual Studio Solution File, Format Version 12.00
# Visual Studio 15
VisualStudioVersion = 15.0.28010.2019
MinimumVisualStudioVersion = 10.0.40219.1
Project("{8BC9CEB8-8B4A-11D0-8D11-00A0C91BC942}") = "VisualTree", "VisualTree\VisualTree.vcxproj", "{80E2BDFE-A884-4F93-B155-C1CCBD52A6F5}"
EndProject
Project("{FAE04EC0-301F-11D3-BF4B-00C04F79EFBC}") = "GeometriesExample", "GeometriesExample\GeometriesExample.csproj", "{B56ABFD7-7DA7-405E-83B9-B5301DC8C057}"
EndProject
Project("{FAE04EC0-301F-11D3-BF4B-00C04F79EFBC}") = "BrushTypesExample", "BrushTypesExample\BrushTypesExample.csproj", "{5FA0B0CC-2E86-4DDF-B7C7-E0B862870226}"
EndProject
Project("{FAE04EC0-301F-11D3-BF4B-00C04F79EFBC}") = "ClipWithAxisAlignedClipSample", "ClipWithAxisAlignedClipSample\ClipWithAxisAlignedClipSample.csproj", "{0136A880-00DC-4C18-A8D7-37EB27D0DB3B}"
EndProject
Project("{FAE04EC0-301F-11D3-BF4B-00C04F79EFBC}") = "ClipWithBitmapMasks", "ClipWithBitmapMasks\ClipWithBitmapMasks.csproj", "{B2DE5953-9BB0-4082-8F0C-0D0FC02E88BA}"
EndProject
Global
	GlobalSection(SolutionConfigurationPlatforms) = preSolution
		Debug|Any CPU = Debug|Any CPU
		Debug|x64 = Debug|x64
		Debug|x86 = Debug|x86
		Release|Any CPU = Release|Any CPU
		Release|x64 = Release|x64
		Release|x86 = Release|x86
	EndGlobalSection
	GlobalSection(ProjectConfigurationPlatforms) = postSolution
		{80E2BDFE-A884-4F93-B155-C1CCBD52A6F5}.Debug|Any CPU.ActiveCfg = Debug|Win32
		{80E2BDFE-A884-4F93-B155-C1CCBD52A6F5}.Debug|x64.ActiveCfg = Debug|x64
		{80E2BDFE-A884-4F93-B155-C1CCBD52A6F5}.Debug|x64.Build.0 = Debug|x64
		{80E2BDFE-A884-4F93-B155-C1CCBD52A6F5}.Debug|x86.ActiveCfg = Debug|Win32
		{80E2BDFE-A884-4F93-B155-C1CCBD52A6F5}.Debug|x86.Build.0 = Debug|Win32
		{80E2BDFE-A884-4F93-B155-C1CCBD52A6F5}.Release|Any CPU.ActiveCfg = Release|Win32
		{80E2BDFE-A884-4F93-B155-C1CCBD52A6F5}.Release|x64.ActiveCfg = Release|x64
		{80E2BDFE-A884-4F93-B155-C1CCBD52A6F5}.Release|x64.Build.0 = Release|x64
		{80E2BDFE-A884-4F93-B155-C1CCBD52A6F5}.Release|x86.ActiveCfg = Release|Win32
		{80E2BDFE-A884-4F93-B155-C1CCBD52A6F5}.Release|x86.Build.0 = Release|Win32
		{B56ABFD7-7DA7-405E-83B9-B5301DC8C057}.Debug|Any CPU.ActiveCfg = Debug|Any CPU
		{B56ABFD7-7DA7-405E-83B9-B5301DC8C057}.Debug|Any CPU.Build.0 = Debug|Any CPU
		{B56ABFD7-7DA7-405E-83B9-B5301DC8C057}.Debug|x64.ActiveCfg = Debug|Any CPU
		{B56ABFD7-7DA7-405E-83B9-B5301DC8C057}.Debug|x64.Build.0 = Debug|Any CPU
		{B56ABFD7-7DA7-405E-83B9-B5301DC8C057}.Debug|x86.ActiveCfg = Debug|Any CPU
		{B56ABFD7-7DA7-405E-83B9-B5301DC8C057}.Debug|x86.Build.0 = Debug|Any CPU
		{B56ABFD7-7DA7-405E-83B9-B5301DC8C057}.Release|Any CPU.ActiveCfg = Release|Any CPU
		{B56ABFD7-7DA7-405E-83B9-B5301DC8C057}.Release|Any CPU.Build.0 = Release|Any CPU
		{B56ABFD7-7DA7-405E-83B9-B5301DC8C057}.Release|x64.ActiveCfg = Release|Any CPU
		{B56ABFD7-7DA7-405E-83B9-B5301DC8C057}.Release|x64.Build.0 = Release|Any CPU
		{B56ABFD7-7DA7-405E-83B9-B5301DC8C057}.Release|x86.ActiveCfg = Release|Any CPU
		{B56ABFD7-7DA7-405E-83B9-B5301DC8C057}.Release|x86.Build.0 = Release|Any CPU
		{5FA0B0CC-2E86-4DDF-B7C7-E0B862870226}.Debug|Any CPU.ActiveCfg = Debug|Any CPU
		{5FA0B0CC-2E86-4DDF-B7C7-E0B862870226}.Debug|Any CPU.Build.0 = Debug|Any CPU
		{5FA0B0CC-2E86-4DDF-B7C7-E0B862870226}.Debug|x64.ActiveCfg = Debug|Any CPU
		{5FA0B0CC-2E86-4DDF-B7C7-E0B862870226}.Debug|x64.Build.0 = Debug|Any CPU
		{5FA0B0CC-2E86-4DDF-B7C7-E0B862870226}.Debug|x86.ActiveCfg = Debug|Any CPU
		{5FA0B0CC-2E86-4DDF-B7C7-E0B862870226}.Debug|x86.Build.0 = Debug|Any CPU
		{5FA0B0CC-2E86-4DDF-B7C7-E0B862870226}.Release|Any CPU.ActiveCfg = Release|Any CPU
		{5FA0B0CC-2E86-4DDF-B7C7-E0B862870226}.Release|Any CPU.Build.0 = Release|Any CPU
		{5FA0B0CC-2E86-4DDF-B7C7-E0B862870226}.Release|x64.ActiveCfg = Release|Any CPU
		{5FA0B0CC-2E86-4DDF-B7C7-E0B862870226}.Release|x64.Build.0 = Release|Any CPU
		{5FA0B0CC-2E86-4DDF-B7C7-E0B862870226}.Release|x86.ActiveCfg = Release|Any CPU
		{5FA0B0CC-2E86-4DDF-B7C7-E0B862870226}.Release|x86.Build.0 = Release|Any CPU
		{0136A880-00DC-4C18-A8D7-37EB27D0DB3B}.Debug|Any CPU.ActiveCfg = Debug|Any CPU
		{0136A880-00DC-4C18-A8D7-37EB27D0DB3B}.Debug|Any CPU.Build.0 = Debug|Any CPU
		{0136A880-00DC-4C18-A8D7-37EB27D0DB3B}.Debug|x64.ActiveCfg = Debug|Any CPU
		{0136A880-00DC-4C18-A8D7-37EB27D0DB3B}.Debug|x64.Build.0 = Debug|Any CPU
		{0136A880-00DC-4C18-A8D7-37EB27D0DB3B}.Debug|x86.ActiveCfg = Debug|Any CPU
		{0136A880-00DC-4C18-A8D7-37EB27D0DB3B}.Debug|x86.Build.0 = Debug|Any CPU
		{0136A880-00DC-4C18-A8D7-37EB27D0DB3B}.Release|Any CPU.ActiveCfg = Release|Any CPU
		{0136A880-00DC-4C18-A8D7-37EB27D0DB3B}.Release|Any CPU.Build.0 = Release|Any CPU
		{0136A880-00DC-4C18-A8D7-37EB27D0DB3B}.Release|x64.ActiveCfg = Release|Any CPU
		{0136A880-00DC-4C18-A8D7-37EB27D0DB3B}.Release|x64.Build.0 = Release|Any CPU
		{0136A880-00DC-4C18-A8D7-37EB27D0DB3B}.Release|x86.ActiveCfg = Release|Any CPU
		{0136A880-00DC-4C18-A8D7-37EB27D0DB3B}.Release|x86.Build.0 = Release|Any CPU
		{B2DE5953-9BB0-4082-8F0C-0D0FC02E88BA}.Debug|Any CPU.ActiveCfg = Debug|Any CPU
		{B2DE5953-9BB0-4082-8F0C-0D0FC02E88BA}.Debug|Any CPU.Build.0 = Debug|Any CPU
		{B2DE5953-9BB0-4082-8F0C-0D0FC02E88BA}.Debug|x64.ActiveCfg = Debug|Any CPU
		{B2DE5953-9BB0-4082-8F0C-0D0FC02E88BA}.Debug|x64.Build.0 = Debug|Any CPU
		{B2DE5953-9BB0-4082-8F0C-0D0FC02E88BA}.Debug|x86.ActiveCfg = Debug|Any CPU
		{B2DE5953-9BB0-4082-8F0C-0D0FC02E88BA}.Debug|x86.Build.0 = Debug|Any CPU
		{B2DE5953-9BB0-4082-8F0C-0D0FC02E88BA}.Release|Any CPU.ActiveCfg = Release|Any CPU
		{B2DE5953-9BB0-4082-8F0C-0D0FC02E88BA}.Release|Any CPU.Build.0 = Release|Any CPU
		{B2DE5953-9BB0-4082-8F0C-0D0FC02E88BA}.Release|x64.ActiveCfg = Release|Any CPU
		{B2DE5953-9BB0-4082-8F0C-0D0FC02E88BA}.Release|x64.Build.0 = Release|Any CPU
		{B2DE5953-9BB0-4082-8F0C-0D0FC02E88BA}.Release|x86.ActiveCfg = Release|Any CPU
		{B2DE5953-9BB0-4082-8F0C-0D0FC02E88BA}.Release|x86.Build.0 = Release|Any CPU
	EndGlobalSection
	GlobalSection(SolutionProperties) = preSolution
		HideSolutionNode = FALSE
	EndGlobalSection
	GlobalSection(ExtensibilityGlobals) = postSolution
		SolutionGuid = {E8194005-41CC-4423-ABD8-DCEA97FAEA77}
	EndGlobalSection
EndGlobal
